Microsoft Visual Studio Solution File, Format Version 12.00
# Visual Studio Version 17
VisualStudioVersion = 17.5.2.0
MinimumVisualStudioVersion = 10.0.40219.1
Project("{FAE04EC0-301F-11D3-BF4B-00C04F79EFBC}") = "BudgetPlanner.API", "backend\BudgetPlanner.API.csproj", "{1755BF8B-497C-2ED4-B346-3410823DB977}"
EndProject
Global
	GlobalSection(SolutionConfigurationPlatforms) = preSolution
		Debug|Any CPU = Debug|Any CPU
		Release|Any CPU = Release|Any CPU
	EndGlobalSection
	GlobalSection(ProjectConfigurationPlatforms) = postSolution
		{1755BF8B-497C-2ED4-B346-3410823DB977}.Debug|Any CPU.ActiveCfg = Debug|Any CPU
		{1755BF8B-497C-2ED4-B346-3410823DB977}.Debug|Any CPU.Build.0 = Debug|Any CPU
		{1755BF8B-497C-2ED4-B346-3410823DB977}.Release|Any CPU.ActiveCfg = Release|Any CPU
		{1755BF8B-497C-2ED4-B346-3410823DB977}.Release|Any CPU.Build.0 = Release|Any CPU
	EndGlobalSection
	GlobalSection(SolutionProperties) = preSolution
		HideSolutionNode = FALSE
	EndGlobalSection
	GlobalSection(ExtensibilityGlobals) = postSolution
		SolutionGuid = {450D56E6-EAD0-4657-8095-9B28F6A0FA60}
	EndGlobalSection
EndGlobal
